// !$*UTF8*$!
{
	archiveVersion = 1;
	classes = {
	};
	objectVersion = 51;
	objects = {

/* Begin PBXBuildFile section */
		57A52A39F4517529D056AB65 /* Pods_Photo_Gallery.framework in Frameworks */ = {isa = PBXBuildFile; fileRef = BC2C2F4A3CDDA7478CDA12AF /* Pods_Photo_Gallery.framework */; };
		6348C8D423CF3CC900B42D48 /* AppDelegate.swift in Sources */ = {isa = PBXBuildFile; fileRef = 6348C8D323CF3CC900B42D48 /* AppDelegate.swift */; };
		6348C8D623CF3CC900B42D48 /* SceneDelegate.swift in Sources */ = {isa = PBXBuildFile; fileRef = 6348C8D523CF3CC900B42D48 /* SceneDelegate.swift */; };
		6348C8D823CF3CC900B42D48 /* PhotoCollectionViewController.swift in Sources */ = {isa = PBXBuildFile; fileRef = 6348C8D723CF3CC900B42D48 /* PhotoCollectionViewController.swift */; };
		6348C8DB23CF3CC900B42D48 /* Main.storyboard in Resources */ = {isa = PBXBuildFile; fileRef = 6348C8D923CF3CC900B42D48 /* Main.storyboard */; };
		6348C8DD23CF3CCA00B42D48 /* Assets.xcassets in Resources */ = {isa = PBXBuildFile; fileRef = 6348C8DC23CF3CCA00B42D48 /* Assets.xcassets */; };
		6348C8E023CF3CCA00B42D48 /* LaunchScreen.storyboard in Resources */ = {isa = PBXBuildFile; fileRef = 6348C8DE23CF3CCA00B42D48 /* LaunchScreen.storyboard */; };
		6348C8E823CF3D4B00B42D48 /* MainTabBarController.swift in Sources */ = {isa = PBXBuildFile; fileRef = 6348C8E723CF3D4B00B42D48 /* MainTabBarController.swift */; };
		6348C8EB23CF482200B42D48 /* HistoryViewController.swift in Sources */ = {isa = PBXBuildFile; fileRef = 6348C8EA23CF482200B42D48 /* HistoryViewController.swift */; };
		6348C8ED23CF4D5B00B42D48 /* SearchResults.swift in Sources */ = {isa = PBXBuildFile; fileRef = 6348C8EC23CF4D5B00B42D48 /* SearchResults.swift */; };
		6348C8F323CF51EF00B42D48 /* NetworkDataFetcher.swift in Sources */ = {isa = PBXBuildFile; fileRef = 6348C8F223CF51EF00B42D48 /* NetworkDataFetcher.swift */; };
		6348C8F623CF890E00B42D48 /* NetworkService.swift in Sources */ = {isa = PBXBuildFile; fileRef = 6348C8F523CF890E00B42D48 /* NetworkService.swift */; };
		6348C8F823CF911D00B42D48 /* PhotoCell.swift in Sources */ = {isa = PBXBuildFile; fileRef = 6348C8F723CF911D00B42D48 /* PhotoCell.swift */; };
		6348C8FC23D0A66000B42D48 /* History.swift in Sources */ = {isa = PBXBuildFile; fileRef = 6348C8FB23D0A66000B42D48 /* History.swift */; };
/* End PBXBuildFile section */

/* Begin PBXFileReference section */
		6348C8D023CF3CC900B42D48 /* Photo Gallery.app */ = {isa = PBXFileReference; explicitFileType = wrapper.application; includeInIndex = 0; path = "Photo Gallery.app"; sourceTree = BUILT_PRODUCTS_DIR; };
		6348C8D323CF3CC900B42D48 /* AppDelegate.swift */ = {isa = PBXFileReference; lastKnownFileType = sourcecode.swift; path = AppDelegate.swift; sourceTree = "<group>"; };
		6348C8D523CF3CC900B42D48 /* SceneDelegate.swift */ = {isa = PBXFileReference; lastKnownFileType = sourcecode.swift; path = SceneDelegate.swift; sourceTree = "<group>"; };
		6348C8D723CF3CC900B42D48 /* PhotoCollectionViewController.swift */ = {isa = PBXFileReference; lastKnownFileType = sourcecode.swift; path = PhotoCollectionViewController.swift; sourceTree = "<group>"; };
		6348C8DA23CF3CC900B42D48 /* Base */ = {isa = PBXFileReference; lastKnownFileType = file.storyboard; name = Base; path = Base.lproj/Main.storyboard; sourceTree = "<group>"; };
		6348C8DC23CF3CCA00B42D48 /* Assets.xcassets */ = {isa = PBXFileReference; lastKnownFileType = folder.assetcatalog; path = Assets.xcassets; sourceTree = "<group>"; };
		6348C8DF23CF3CCA00B42D48 /* Base */ = {isa = PBXFileReference; lastKnownFileType = file.storyboard; name = Base; path = Base.lproj/LaunchScreen.storyboard; sourceTree = "<group>"; };
		6348C8E123CF3CCA00B42D48 /* Info.plist */ = {isa = PBXFileReference; lastKnownFileType = text.plist.xml; path = Info.plist; sourceTree = "<group>"; };
		6348C8E723CF3D4B00B42D48 /* MainTabBarController.swift */ = {isa = PBXFileReference; lastKnownFileType = sourcecode.swift; path = MainTabBarController.swift; sourceTree = "<group>"; };
		6348C8EA23CF482200B42D48 /* HistoryViewController.swift */ = {isa = PBXFileReference; lastKnownFileType = sourcecode.swift; path = HistoryViewController.swift; sourceTree = "<group>"; };
		6348C8EC23CF4D5B00B42D48 /* SearchResults.swift */ = {isa = PBXFileReference; lastKnownFileType = sourcecode.swift; path = SearchResults.swift; sourceTree = "<group>"; };
		6348C8F223CF51EF00B42D48 /* NetworkDataFetcher.swift */ = {isa = PBXFileReference; lastKnownFileType = sourcecode.swift; path = NetworkDataFetcher.swift; sourceTree = "<group>"; };
		6348C8F523CF890E00B42D48 /* NetworkService.swift */ = {isa = PBXFileReference; lastKnownFileType = sourcecode.swift; path = NetworkService.swift; sourceTree = "<group>"; };
		6348C8F723CF911D00B42D48 /* PhotoCell.swift */ = {isa = PBXFileReference; lastKnownFileType = sourcecode.swift; path = PhotoCell.swift; sourceTree = "<group>"; };
		6348C8FB23D0A66000B42D48 /* History.swift */ = {isa = PBXFileReference; lastKnownFileType = sourcecode.swift; name = History.swift; path = ../Services/History.swift; sourceTree = "<group>"; };
		77BF5DBC167736F909E43609 /* Pods-Photo Gallery.debug.xcconfig */ = {isa = PBXFileReference; includeInIndex = 1; lastKnownFileType = text.xcconfig; name = "Pods-Photo Gallery.debug.xcconfig"; path = "Pods/Target Support Files/Pods-Photo Gallery/Pods-Photo Gallery.debug.xcconfig"; sourceTree = "<group>"; };
		AF85F058B7D67AB50272A080 /* Pods-Photo Gallery.release.xcconfig */ = {isa = PBXFileReference; includeInIndex = 1; lastKnownFileType = text.xcconfig; name = "Pods-Photo Gallery.release.xcconfig"; path = "Pods/Target Support Files/Pods-Photo Gallery/Pods-Photo Gallery.release.xcconfig"; sourceTree = "<group>"; };
		BC2C2F4A3CDDA7478CDA12AF /* Pods_Photo_Gallery.framework */ = {isa = PBXFileReference; explicitFileType = wrapper.framework; includeInIndex = 0; path = Pods_Photo_Gallery.framework; sourceTree = BUILT_PRODUCTS_DIR; };
/* End PBXFileReference section */

/* Begin PBXFrameworksBuildPhase section */
		6348C8CD23CF3CC900B42D48 /* Frameworks */ = {
			isa = PBXFrameworksBuildPhase;
			buildActionMask = 2147483647;
			files = (
				57A52A39F4517529D056AB65 /* Pods_Photo_Gallery.framework in Frameworks */,
			);
			runOnlyForDeploymentPostprocessing = 0;
		};
/* End PBXFrameworksBuildPhase section */

/* Begin PBXGroup section */
		57DDD8336C947391689BFB09 /* Pods */ = {
			isa = PBXGroup;
			children = (
				77BF5DBC167736F909E43609 /* Pods-Photo Gallery.debug.xcconfig */,
				AF85F058B7D67AB50272A080 /* Pods-Photo Gallery.release.xcconfig */,
			);
			name = Pods;
			sourceTree = "<group>";
		};
		6348C8C723CF3CC900B42D48 = {
			isa = PBXGroup;
			children = (
				6348C8D223CF3CC900B42D48 /* Photo Gallery */,
				6348C8D123CF3CC900B42D48 /* Products */,
				57DDD8336C947391689BFB09 /* Pods */,
				9517AB94B1FAAB34C6B07BF6 /* Frameworks */,
			);
			sourceTree = "<group>";
		};
		6348C8D123CF3CC900B42D48 /* Products */ = {
			isa = PBXGroup;
			children = (
				6348C8D023CF3CC900B42D48 /* Photo Gallery.app */,
			);
			name = Products;
			sourceTree = "<group>";
		};
		6348C8D223CF3CC900B42D48 /* Photo Gallery */ = {
			isa = PBXGroup;
			children = (
				6348C8D323CF3CC900B42D48 /* AppDelegate.swift */,
				6348C8D523CF3CC900B42D48 /* SceneDelegate.swift */,
				6348C8F423CF524200B42D48 /* Services */,
				6348C8EE23CF4D9000B42D48 /* Models */,
				6348C8E923CF47CB00B42D48 /* Controllers */,
				6348C8EF23CF4DC000B42D48 /* Views */,
				6348C8E123CF3CCA00B42D48 /* Info.plist */,
				6348C8DC23CF3CCA00B42D48 /* Assets.xcassets */,
			);
			path = "Photo Gallery";
			sourceTree = "<group>";
		};
		6348C8E923CF47CB00B42D48 /* Controllers */ = {
			isa = PBXGroup;
			children = (
				6348C8E723CF3D4B00B42D48 /* MainTabBarController.swift */,
				6348C8D723CF3CC900B42D48 /* PhotoCollectionViewController.swift */,
				6348C8EA23CF482200B42D48 /* HistoryViewController.swift */,
			);
			path = Controllers;
			sourceTree = "<group>";
		};
		6348C8EE23CF4D9000B42D48 /* Models */ = {
			isa = PBXGroup;
			children = (
				6348C8FB23D0A66000B42D48 /* History.swift */,
				6348C8EC23CF4D5B00B42D48 /* SearchResults.swift */,
			);
			path = Models;
			sourceTree = "<group>";
		};
		6348C8EF23CF4DC000B42D48 /* Views */ = {
			isa = PBXGroup;
			children = (
				6348C8D923CF3CC900B42D48 /* Main.storyboard */,
				6348C8DE23CF3CCA00B42D48 /* LaunchScreen.storyboard */,
				6348C8F723CF911D00B42D48 /* PhotoCell.swift */,
			);
			path = Views;
			sourceTree = "<group>";
		};
		6348C8F423CF524200B42D48 /* Services */ = {
			isa = PBXGroup;
			children = (
				6348C8F223CF51EF00B42D48 /* NetworkDataFetcher.swift */,
				6348C8F523CF890E00B42D48 /* NetworkService.swift */,
			);
			path = Services;
			sourceTree = "<group>";
		};
		9517AB94B1FAAB34C6B07BF6 /* Frameworks */ = {
			isa = PBXGroup;
			children = (
				BC2C2F4A3CDDA7478CDA12AF /* Pods_Photo_Gallery.framework */,
			);
			name = Frameworks;
			sourceTree = "<group>";
		};
/* End PBXGroup section */

/* Begin PBXNativeTarget section */
		6348C8CF23CF3CC900B42D48 /* Photo Gallery */ = {
			isa = PBXNativeTarget;
			buildConfigurationList = 6348C8E423CF3CCA00B42D48 /* Build configuration list for PBXNativeTarget "Photo Gallery" */;
			buildPhases = (
				6D2E7D051ECC32EB3209D7C9 /* [CP] Check Pods Manifest.lock */,
				6348C8CC23CF3CC900B42D48 /* Sources */,
				6348C8CD23CF3CC900B42D48 /* Frameworks */,
				6348C8CE23CF3CC900B42D48 /* Resources */,
				49D6F7B51B7D710EE0A532E3 /* [CP] Embed Pods Frameworks */,
			);
			buildRules = (
			);
			dependencies = (
			);
			name = "Photo Gallery";
			productName = "Photo Gallery";
			productReference = 6348C8D023CF3CC900B42D48 /* Photo Gallery.app */;
			productType = "com.apple.product-type.application";
		};
/* End PBXNativeTarget section */

/* Begin PBXProject section */
		6348C8C823CF3CC900B42D48 /* Project object */ = {
			isa = PBXProject;
			attributes = {
				LastSwiftUpdateCheck = 1130;
				LastUpgradeCheck = 1130;
				ORGANIZATIONNAME = "Denys Hryshyn";
				TargetAttributes = {
					6348C8CF23CF3CC900B42D48 = {
						CreatedOnToolsVersion = 11.3;
					};
				};
			};
			buildConfigurationList = 6348C8CB23CF3CC900B42D48 /* Build configuration list for PBXProject "Photo Gallery" */;
			compatibilityVersion = "Xcode 9.3";
			developmentRegion = en;
			hasScannedForEncodings = 0;
			knownRegions = (
				en,
				Base,
			);
			mainGroup = 6348C8C723CF3CC900B42D48;
			productRefGroup = 6348C8D123CF3CC900B42D48 /* Products */;
			projectDirPath = "";
			projectRoot = "";
			targets = (
				6348C8CF23CF3CC900B42D48 /* Photo Gallery */,
			);
		};
/* End PBXProject section */

/* Begin PBXResourcesBuildPhase section */
		6348C8CE23CF3CC900B42D48 /* Resources */ = {
			isa = PBXResourcesBuildPhase;
			buildActionMask = 2147483647;
			files = (
				6348C8E023CF3CCA00B42D48 /* LaunchScreen.storyboard in Resources */,
				6348C8DD23CF3CCA00B42D48 /* Assets.xcassets in Resources */,
				6348C8DB23CF3CC900B42D48 /* Main.storyboard in Resources */,
			);
			runOnlyForDeploymentPostprocessing = 0;
		};
/* End PBXResourcesBuildPhase section */

/* Begin PBXShellScriptBuildPhase section */
		49D6F7B51B7D710EE0A532E3 /* [CP] Embed Pods Frameworks */ = {
			isa = PBXShellScriptBuildPhase;
			buildActionMask = 2147483647;
			files = (
			);
			inputFileListPaths = (
				"${PODS_ROOT}/Target Support Files/Pods-Photo Gallery/Pods-Photo Gallery-frameworks-${CONFIGURATION}-input-files.xcfilelist",
			);
			name = "[CP] Embed Pods Frameworks";
			outputFileListPaths = (
				"${PODS_ROOT}/Target Support Files/Pods-Photo Gallery/Pods-Photo Gallery-frameworks-${CONFIGURATION}-output-files.xcfilelist",
			);
			runOnlyForDeploymentPostprocessing = 0;
			shellPath = /bin/sh;
			shellScript = "\"${PODS_ROOT}/Target Support Files/Pods-Photo Gallery/Pods-Photo Gallery-frameworks.sh\"\n";
			showEnvVarsInLog = 0;
		};
		6D2E7D051ECC32EB3209D7C9 /* [CP] Check Pods Manifest.lock */ = {
			isa = PBXShellScriptBuildPhase;
			buildActionMask = 2147483647;
			files = (
			);
			inputFileListPaths = (
			);
			inputPaths = (
				"${PODS_PODFILE_DIR_PATH}/Podfile.lock",
				"${PODS_ROOT}/Manifest.lock",
			);
			name = "[CP] Check Pods Manifest.lock";
			outputFileListPaths = (
			);
			outputPaths = (
				"$(DERIVED_FILE_DIR)/Pods-Photo Gallery-checkManifestLockResult.txt",
			);
			runOnlyForDeploymentPostprocessing = 0;
			shellPath = /bin/sh;
			shellScript = "diff \"${PODS_PODFILE_DIR_PATH}/Podfile.lock\" \"${PODS_ROOT}/Manifest.lock\" > /dev/null\nif [ $? != 0 ] ; then\n    # print error to STDERR\n    echo \"error: The sandbox is not in sync with the Podfile.lock. Run 'pod install' or update your CocoaPods installation.\" >&2\n    exit 1\nfi\n# This output is used by Xcode 'outputs' to avoid re-running this script phase.\necho \"SUCCESS\" > \"${SCRIPT_OUTPUT_FILE_0}\"\n";
			showEnvVarsInLog = 0;
		};
/* End PBXShellScriptBuildPhase section */

/* Begin PBXSourcesBuildPhase section */
		6348C8CC23CF3CC900B42D48 /* Sources */ = {
			isa = PBXSourcesBuildPhase;
			buildActionMask = 2147483647;
			files = (
				6348C8F323CF51EF00B42D48 /* NetworkDataFetcher.swift in Sources */,
				6348C8FC23D0A66000B42D48 /* History.swift in Sources */,
				6348C8F823CF911D00B42D48 /* PhotoCell.swift in Sources */,
				6348C8D823CF3CC900B42D48 /* PhotoCollectionViewController.swift in Sources */,
				6348C8F623CF890E00B42D48 /* NetworkService.swift in Sources */,
				6348C8D423CF3CC900B42D48 /* AppDelegate.swift in Sources */,
				6348C8D623CF3CC900B42D48 /* SceneDelegate.swift in Sources */,
				6348C8EB23CF482200B42D48 /* HistoryViewController.swift in Sources */,
				6348C8ED23CF4D5B00B42D48 /* SearchResults.swift in Sources */,
				6348C8E823CF3D4B00B42D48 /* MainTabBarController.swift in Sources */,
			);
			runOnlyForDeploymentPostprocessing = 0;
		};
/* End PBXSourcesBuildPhase section */

/* Begin PBXVariantGroup section */
		6348C8D923CF3CC900B42D48 /* Main.storyboard */ = {
			isa = PBXVariantGroup;
			children = (
				6348C8DA23CF3CC900B42D48 /* Base */,
			);
			name = Main.storyboard;
			sourceTree = "<group>";
		};
		6348C8DE23CF3CCA00B42D48 /* LaunchScreen.storyboard */ = {
			isa = PBXVariantGroup;
			children = (
				6348C8DF23CF3CCA00B42D48 /* Base */,
			);
			name = LaunchScreen.storyboard;
			sourceTree = "<group>";
		};
/* End PBXVariantGroup section */

/* Begin XCBuildConfiguration section */
		6348C8E223CF3CCA00B42D48 /* Debug */ = {
			isa = XCBuildConfiguration;
			buildSettings = {
				ALWAYS_SEARCH_USER_PATHS = NO;
				CLANG_ANALYZER_NONNULL = YES;
				CLANG_ANALYZER_NUMBER_OBJECT_CONVERSION = YES_AGGRESSIVE;
				CLANG_CXX_LANGUAGE_STANDARD = "gnu++14";
				CLANG_CXX_LIBRARY = "libc++";
				CLANG_ENABLE_MODULES = YES;
				CLANG_ENABLE_OBJC_ARC = YES;
				CLANG_ENABLE_OBJC_WEAK = YES;
				CLANG_WARN_BLOCK_CAPTURE_AUTORELEASING = YES;
				CLANG_WARN_BOOL_CONVERSION = YES;
				CLANG_WARN_COMMA = YES;
				CLANG_WARN_CONSTANT_CONVERSION = YES;
				CLANG_WARN_DEPRECATED_OBJC_IMPLEMENTATIONS = YES;
				CLANG_WARN_DIRECT_OBJC_ISA_USAGE = YES_ERROR;
				CLANG_WARN_DOCUMENTATION_COMMENTS = YES;
				CLANG_WARN_EMPTY_BODY = YES;
				CLANG_WARN_ENUM_CONVERSION = YES;
				CLANG_WARN_INFINITE_RECURSION = YES;
				CLANG_WARN_INT_CONVERSION = YES;
				CLANG_WARN_NON_LITERAL_NULL_CONVERSION = YES;
				CLANG_WARN_OBJC_IMPLICIT_RETAIN_SELF = YES;
				CLANG_WARN_OBJC_LITERAL_CONVERSION = YES;
				CLANG_WARN_OBJC_ROOT_CLASS = YES_ERROR;
				CLANG_WARN_RANGE_LOOP_ANALYSIS = YES;
				CLANG_WARN_STRICT_PROTOTYPES = YES;
				CLANG_WARN_SUSPICIOUS_MOVE = YES;
				CLANG_WARN_UNGUARDED_AVAILABILITY = YES_AGGRESSIVE;
				CLANG_WARN_UNREACHABLE_CODE = YES;
				CLANG_WARN__DUPLICATE_METHOD_MATCH = YES;
				COPY_PHASE_STRIP = NO;
				DEBUG_INFORMATION_FORMAT = dwarf;
				ENABLE_STRICT_OBJC_MSGSEND = YES;
				ENABLE_TESTABILITY = YES;
				GCC_C_LANGUAGE_STANDARD = gnu11;
				GCC_DYNAMIC_NO_PIC = NO;
				GCC_NO_COMMON_BLOCKS = YES;
				GCC_OPTIMIZATION_LEVEL = 0;
				GCC_PREPROCESSOR_DEFINITIONS = (
					"DEBUG=1",
					"$(inherited)",
				);
				GCC_WARN_64_TO_32_BIT_CONVERSION = YES;
				GCC_WARN_ABOUT_RETURN_TYPE = YES_ERROR;
				GCC_WARN_UNDECLARED_SELECTOR = YES;
				GCC_WARN_UNINITIALIZED_AUTOS = YES_AGGRESSIVE;
				GCC_WARN_UNUSED_FUNCTION = YES;
				GCC_WARN_UNUSED_VARIABLE = YES;
				IPHONEOS_DEPLOYMENT_TARGET = 13.2;
				MTL_ENABLE_DEBUG_INFO = INCLUDE_SOURCE;
				MTL_FAST_MATH = YES;
				ONLY_ACTIVE_ARCH = YES;
				SDKROOT = iphoneos;
				SWIFT_ACTIVE_COMPILATION_CONDITIONS = DEBUG;
				SWIFT_OPTIMIZATION_LEVEL = "-Onone";
			};
			name = Debug;
		};
		6348C8E323CF3CCA00B42D48 /* Release */ = {
			isa = XCBuildConfiguration;
			buildSettings = {
				ALWAYS_SEARCH_USER_PATHS = NO;
				CLANG_ANALYZER_NONNULL = YES;
				CLANG_ANALYZER_NUMBER_OBJECT_CONVERSION = YES_AGGRESSIVE;
				CLANG_CXX_LANGUAGE_STANDARD = "gnu++14";
				CLANG_CXX_LIBRARY = "libc++";
				CLANG_ENABLE_MODULES = YES;
				CLANG_ENABLE_OBJC_ARC = YES;
				CLANG_ENABLE_OBJC_WEAK = YES;
				CLANG_WARN_BLOCK_CAPTURE_AUTORELEASING = YES;
				CLANG_WARN_BOOL_CONVERSION = YES;
				CLANG_WARN_COMMA = YES;
				CLANG_WARN_CONSTANT_CONVERSION = YES;
				CLANG_WARN_DEPRECATED_OBJC_IMPLEMENTATIONS = YES;
				CLANG_WARN_DIRECT_OBJC_ISA_USAGE = YES_ERROR;
				CLANG_WARN_DOCUMENTATION_COMMENTS = YES;
				CLANG_WARN_EMPTY_BODY = YES;
				CLANG_WARN_ENUM_CONVERSION = YES;
				CLANG_WARN_INFINITE_RECURSION = YES;
				CLANG_WARN_INT_CONVERSION = YES;
				CLANG_WARN_NON_LITERAL_NULL_CONVERSION = YES;
				CLANG_WARN_OBJC_IMPLICIT_RETAIN_SELF = YES;
				CLANG_WARN_OBJC_LITERAL_CONVERSION = YES;
				CLANG_WARN_OBJC_ROOT_CLASS = YES_ERROR;
				CLANG_WARN_RANGE_LOOP_ANALYSIS = YES;
				CLANG_WARN_STRICT_PROTOTYPES = YES;
				CLANG_WARN_SUSPICIOUS_MOVE = YES;
				CLANG_WARN_UNGUARDED_AVAILABILITY = YES_AGGRESSIVE;
				CLANG_WARN_UNREACHABLE_CODE = YES;
				CLANG_WARN__DUPLICATE_METHOD_MATCH = YES;
				COPY_PHASE_STRIP = NO;
				DEBUG_INFORMATION_FORMAT = "dwarf-with-dsym";
				ENABLE_NS_ASSERTIONS = NO;
				ENABLE_STRICT_OBJC_MSGSEND = YES;
				GCC_C_LANGUAGE_STANDARD = gnu11;
				GCC_NO_COMMON_BLOCKS = YES;
				GCC_WARN_64_TO_32_BIT_CONVERSION = YES;
				GCC_WARN_ABOUT_RETURN_TYPE = YES_ERROR;
				GCC_WARN_UNDECLARED_SELECTOR = YES;
				GCC_WARN_UNINITIALIZED_AUTOS = YES_AGGRESSIVE;
				GCC_WARN_UNUSED_FUNCTION = YES;
				GCC_WARN_UNUSED_VARIABLE = YES;
				IPHONEOS_DEPLOYMENT_TARGET = 13.2;
				MTL_ENABLE_DEBUG_INFO = NO;
				MTL_FAST_MATH = YES;
				SDKROOT = iphoneos;
				SWIFT_COMPILATION_MODE = wholemodule;
				SWIFT_OPTIMIZATION_LEVEL = "-O";
				VALIDATE_PRODUCT = YES;
			};
			name = Release;
		};
		6348C8E523CF3CCA00B42D48 /* Debug */ = {
			isa = XCBuildConfiguration;
			baseConfigurationReference = 77BF5DBC167736F909E43609 /* Pods-Photo Gallery.debug.xcconfig */;
			buildSettings = {
				ASSETCATALOG_COMPILER_APPICON_NAME = AppIcon;
				CODE_SIGN_STYLE = Automatic;
				DEVELOPMENT_TEAM = 4PN7X9497R;
				INFOPLIST_FILE = "Photo Gallery/Info.plist";
				LD_RUNPATH_SEARCH_PATHS = (
					"$(inherited)",
					"@executable_path/Frameworks",
				);
				PRODUCT_BUNDLE_IDENTIFIER = "com.denyshryshyn.Photo-Gallery";
				PRODUCT_NAME = "$(TARGET_NAME)";
				SWIFT_VERSION = 5.0;
				TARGETED_DEVICE_FAMILY = 1;
			};
			name = Debug;
		};
		6348C8E623CF3CCA00B42D48 /* Release */ = {
			isa = XCBuildConfiguration;
			baseConfigurationReference = AF85F058B7D67AB50272A080 /* Pods-Photo Gallery.release.xcconfig */;
			buildSettings = {
				ASSETCATALOG_COMPILER_APPICON_NAME = AppIcon;
				CODE_SIGN_STYLE = Automatic;
				DEVELOPMENT_TEAM = 4PN7X9497R;
				INFOPLIST_FILE = "Photo Gallery/Info.plist";
				LD_RUNPATH_SEARCH_PATHS = (
					"$(inherited)",
					"@executable_path/Frameworks",
				);
				PRODUCT_BUNDLE_IDENTIFIER = "com.denyshryshyn.Photo-Gallery";
				PRODUCT_NAME = "$(TARGET_NAME)";
				SWIFT_VERSION = 5.0;
				TARGETED_DEVICE_FAMILY = 1;
			};
			name = Release;
		};
/* End XCBuildConfiguration section */

/* Begin XCConfigurationList section */
		6348C8CB23CF3CC900B42D48 /* Build configuration list for PBXProject "Photo Gallery" */ = {
			isa = XCConfigurationList;
			buildConfigurations = (
				6348C8E223CF3CCA00B42D48 /* Debug */,
				6348C8E323CF3CCA00B42D48 /* Release */,
			);
			defaultConfigurationIsVisible = 0;
			defaultConfigurationName = Release;
		};
		6348C8E423CF3CCA00B42D48 /* Build configuration list for PBXNativeTarget "Photo Gallery" */ = {
			isa = XCConfigurationList;
			buildConfigurations = (
				6348C8E523CF3CCA00B42D48 /* Debug */,
				6348C8E623CF3CCA00B42D48 /* Release */,
			);
			defaultConfigurationIsVisible = 0;
			defaultConfigurationName = Release;
		};
/* End XCConfigurationList section */
	};
	rootObject = 6348C8C823CF3CC900B42D48 /* Project object */;
}
